{
  "version": 4,
  "terraform_version": "1.13.5",
  "serial": 91,
  "lineage": "d7732f45-e133-7ccb-69df-a674dc6e35d1",
  "outputs": {},
  "resources": [
    {
      "mode": "managed",
      "type": "azurerm_resource_group",
      "name": "demo",
      "provider": "provider[\"registry.terraform.io/hashicorp/azurerm\"]",
      "instances": [
        {
          "schema_version": 0,
          "attributes": {
            "id": "/subscriptions/7a04a24c-df7a-4830-9f44-548548293c9c/resourceGroups/foch-resource-rg",
            "location": "japaneast",
            "managed_by": "",
            "name": "foch-resource-rg",
            "tags": {},
            "timeouts": null
          },
          "sensitive_attributes": [],
          "identity_schema_version": 0,
          "private": "eyJlMmJmYjczMC1lY2FhLTExZTYtOGY4OC0zNDM2M2JjN2M0YzAiOnsiY3JlYXRlIjo1NDAwMDAwMDAwMDAwLCJkZWxldGUiOjU0MDAwMDAwMDAwMDAsInJlYWQiOjMwMDAwMDAwMDAwMCwidXBkYXRlIjo1NDAwMDAwMDAwMDAwfX0=",
          "create_before_destroy": true
        }
      ]
    },
    {
      "module": "module.networks",
      "mode": "managed",
      "type": "azurerm_virtual_network",
      "name": "demo",
      "provider": "provider[\"registry.terraform.io/hashicorp/azurerm\"]",
      "instances": [
        {
          "schema_version": 0,
          "attributes": {
            "address_space": [
              "10.0.0.0/16"
            ],
            "bgp_community": "",
            "ddos_protection_plan": [],
            "dns_servers": [],
            "edge_zone": "",
            "encryption": [],
            "flow_timeout_in_minutes": 0,
            "guid": "671952c8-2f99-4998-bde7-9e9f0d0cd2aa",
            "id": "/subscriptions/7a04a24c-df7a-4830-9f44-548548293c9c/resourceGroups/foch-resource-rg/providers/Microsoft.Network/virtualNetworks/demo-vnet",
            "ip_address_pool": [],
            "location": "japaneast",
            "name": "demo-vnet",
            "private_endpoint_vnet_policies": "Disabled",
            "resource_group_name": "foch-resource-rg",
            "subnet": [
              {
                "address_prefixes": [
                  "10.0.1.0/24"
                ],
                "default_outbound_access_enabled": true,
                "delegation": [],
                "id": "/subscriptions/7a04a24c-df7a-4830-9f44-548548293c9c/resourceGroups/foch-resource-rg/providers/Microsoft.Network/virtualNetworks/demo-vnet/subnets/vm-subnet-01",
                "name": "vm-subnet-01",
                "private_endpoint_network_policies": "Disabled",
                "private_link_service_network_policies_enabled": true,
                "route_table_id": "/subscriptions/7a04a24c-df7a-4830-9f44-548548293c9c/resourceGroups/foch-resource-rg/providers/Microsoft.Network/routeTables/rt-internet-demo-vnet",
                "security_group": "/subscriptions/7a04a24c-df7a-4830-9f44-548548293c9c/resourceGroups/foch-resource-rg/providers/Microsoft.Network/networkSecurityGroups/nsg-demo",
                "service_endpoint_policy_ids": [],
                "service_endpoints": []
              },
              {
                "address_prefixes": [
                  "10.0.2.0/24"
                ],
                "default_outbound_access_enabled": true,
                "delegation": [],
                "id": "/subscriptions/7a04a24c-df7a-4830-9f44-548548293c9c/resourceGroups/foch-resource-rg/providers/Microsoft.Network/virtualNetworks/demo-vnet/subnets/vm-subnet-02",
                "name": "vm-subnet-02",
                "private_endpoint_network_policies": "Disabled",
                "private_link_service_network_policies_enabled": true,
                "route_table_id": "/subscriptions/7a04a24c-df7a-4830-9f44-548548293c9c/resourceGroups/foch-resource-rg/providers/Microsoft.Network/routeTables/rt-internet-demo-vnet",
                "security_group": "/subscriptions/7a04a24c-df7a-4830-9f44-548548293c9c/resourceGroups/foch-resource-rg/providers/Microsoft.Network/networkSecurityGroups/nsg-demo",
                "service_endpoint_policy_ids": [],
                "service_endpoints": []
              }
            ],
            "tags": {},
            "timeouts": null
          },
          "sensitive_attributes": [],
          "identity_schema_version": 0,
          "identity": {
            "name": "demo-vnet",
            "resource_group_name": "foch-resource-rg",
            "subscription_id": "7a04a24c-df7a-4830-9f44-548548293c9c"
          },
          "private": "eyJlMmJmYjczMC1lY2FhLTExZTYtOGY4OC0zNDM2M2JjN2M0YzAiOnsiY3JlYXRlIjoxODAwMDAwMDAwMDAwLCJkZWxldGUiOjE4MDAwMDAwMDAwMDAsInJlYWQiOjMwMDAwMDAwMDAwMCwidXBkYXRlIjoxODAwMDAwMDAwMDAwfX0=",
          "dependencies": [
            "azurerm_resource_group.demo"
          ]
        }
      ]
    }
  ],
  "check_results": null
}
